
Microsoft Visual Studio Solution File, Format Version 12.00
# Visual Studio Version 16
VisualStudioVersion = 16.0.30717.126
MinimumVisualStudioVersion = 10.0.40219.1
Project("{9A19103F-16F7-4668-BE54-9A1E7A4F7556}") = "TweetMe.APIGateway", "TweetMe.APIGateway\TweetMe.APIGateway.csproj", "{29C4D9D5-9538-4D70-AA4F-1B9B7A15BB48}"
EndProject
Project("{9A19103F-16F7-4668-BE54-9A1E7A4F7556}") = "Stalker", "Stalker\Stalker.csproj", "{20A76993-70AC-4E9A-9C40-BA8081FDF64E}"
EndProject
Project("{FAE04EC0-301F-11D3-BF4B-00C04F79EFBC}") = "Tweet-Reco", "Tweet-Reco\Tweet-Reco.csproj", "{2994A925-CD32-4BE5-A0E0-CE422EE9ED8B}"
EndProject
Project("{FAE04EC0-301F-11D3-BF4B-00C04F79EFBC}") = "MeProfiler", "MeProfiles\MeProfiler.csproj", "{92B98853-B53E-4590-A080-60ADBBD7433D}"
EndProject
Global
	GlobalSection(SolutionConfigurationPlatforms) = preSolution
		Debug|Any CPU = Debug|Any CPU
		Release|Any CPU = Release|Any CPU
	EndGlobalSection
	GlobalSection(ProjectConfigurationPlatforms) = postSolution
		{29C4D9D5-9538-4D70-AA4F-1B9B7A15BB48}.Debug|Any CPU.ActiveCfg = Debug|Any CPU
		{29C4D9D5-9538-4D70-AA4F-1B9B7A15BB48}.Debug|Any CPU.Build.0 = Debug|Any CPU
		{29C4D9D5-9538-4D70-AA4F-1B9B7A15BB48}.Release|Any CPU.ActiveCfg = Release|Any CPU
		{29C4D9D5-9538-4D70-AA4F-1B9B7A15BB48}.Release|Any CPU.Build.0 = Release|Any CPU
		{20A76993-70AC-4E9A-9C40-BA8081FDF64E}.Debug|Any CPU.ActiveCfg = Debug|Any CPU
		{20A76993-70AC-4E9A-9C40-BA8081FDF64E}.Debug|Any CPU.Build.0 = Debug|Any CPU
		{20A76993-70AC-4E9A-9C40-BA8081FDF64E}.Release|Any CPU.ActiveCfg = Release|Any CPU
		{20A76993-70AC-4E9A-9C40-BA8081FDF64E}.Release|Any CPU.Build.0 = Release|Any CPU
		{2994A925-CD32-4BE5-A0E0-CE422EE9ED8B}.Debug|Any CPU.ActiveCfg = Debug|Any CPU
		{2994A925-CD32-4BE5-A0E0-CE422EE9ED8B}.Debug|Any CPU.Build.0 = Debug|Any CPU
		{2994A925-CD32-4BE5-A0E0-CE422EE9ED8B}.Release|Any CPU.ActiveCfg = Release|Any CPU
		{2994A925-CD32-4BE5-A0E0-CE422EE9ED8B}.Release|Any CPU.Build.0 = Release|Any CPU
		{92B98853-B53E-4590-A080-60ADBBD7433D}.Debug|Any CPU.ActiveCfg = Debug|Any CPU
		{92B98853-B53E-4590-A080-60ADBBD7433D}.Debug|Any CPU.Build.0 = Debug|Any CPU
		{92B98853-B53E-4590-A080-60ADBBD7433D}.Release|Any CPU.ActiveCfg = Release|Any CPU
		{92B98853-B53E-4590-A080-60ADBBD7433D}.Release|Any CPU.Build.0 = Release|Any CPU
	EndGlobalSection
	GlobalSection(SolutionProperties) = preSolution
		HideSolutionNode = FALSE
	EndGlobalSection
	GlobalSection(ExtensibilityGlobals) = postSolution
		SolutionGuid = {AD7A2A7A-3BB8-4B91-B434-A22471BD4AD7}
	EndGlobalSection
EndGlobal
